
Microsoft Visual Studio Solution File, Format Version 12.00
# Visual Studio 15
VisualStudioVersion = 15.0.27703.2047
MinimumVisualStudioVersion = 10.0.40219.1
Project("{9A19103F-16F7-4668-BE54-9A1E7A4F7556}") = "DataAccessSample", "DataAccessSample\DataAccessSample.csproj", "{544D6695-0A90-4DBE-8C06-F9E8AC433A67}"
EndProject
Project("{FAE04EC0-301F-11D3-BF4B-00C04F79EFBC}") = "SwaggerODataSample", "SwaggerODataSample\SwaggerODataSample.csproj", "{22BD6DC0-226A-417F-A73D-DB904BD81449}"
EndProject
Global
	GlobalSection(SolutionConfigurationPlatforms) = preSolution
		Debug|Any CPU = Debug|Any CPU
		Release|Any CPU = Release|Any CPU
	EndGlobalSection
	GlobalSection(ProjectConfigurationPlatforms) = postSolution
		{544D6695-0A90-4DBE-8C06-F9E8AC433A67}.Debug|Any CPU.ActiveCfg = Debug|Any CPU
		{544D6695-0A90-4DBE-8C06-F9E8AC433A67}.Debug|Any CPU.Build.0 = Debug|Any CPU
		{544D6695-0A90-4DBE-8C06-F9E8AC433A67}.Release|Any CPU.ActiveCfg = Release|Any CPU
		{544D6695-0A90-4DBE-8C06-F9E8AC433A67}.Release|Any CPU.Build.0 = Release|Any CPU
		{22BD6DC0-226A-417F-A73D-DB904BD81449}.Debug|Any CPU.ActiveCfg = Debug|Any CPU
		{22BD6DC0-226A-417F-A73D-DB904BD81449}.Debug|Any CPU.Build.0 = Debug|Any CPU
		{22BD6DC0-226A-417F-A73D-DB904BD81449}.Release|Any CPU.ActiveCfg = Release|Any CPU
		{22BD6DC0-226A-417F-A73D-DB904BD81449}.Release|Any CPU.Build.0 = Release|Any CPU
	EndGlobalSection
	GlobalSection(SolutionProperties) = preSolution
		HideSolutionNode = FALSE
	EndGlobalSection
	GlobalSection(ExtensibilityGlobals) = postSolution
		SolutionGuid = {84F38916-850C-463F-9747-40F369E6FBD5}
	EndGlobalSection
EndGlobal
